
Microsoft Visual Studio Solution File, Format Version 12.00
# Visual Studio Version 16
VisualStudioVersion = 25.0.1706.5
MinimumVisualStudioVersion = 10.0.40219.1
Project("{FAE04EC0-301F-11D3-BF4B-00C04F79EFBC}") = "shape-area", "shape-area.csproj", "{8523BC0B-BD72-4298-AB08-F80DA302DBA8}"
EndProject
Project("{FAE04EC0-301F-11D3-BF4B-00C04F79EFBC}") = "shape-area-test", "..\share-area-test\shape-area-test.csproj", "{9FD72618-744F-4F4B-9D29-E4D9C39CA839}"
EndProject
Global
	GlobalSection(SolutionConfigurationPlatforms) = preSolution
		Debug|Any CPU = Debug|Any CPU
		Release|Any CPU = Release|Any CPU
	EndGlobalSection
	GlobalSection(ProjectConfigurationPlatforms) = postSolution
		{8523BC0B-BD72-4298-AB08-F80DA302DBA8}.Debug|Any CPU.ActiveCfg = Debug|Any CPU
		{8523BC0B-BD72-4298-AB08-F80DA302DBA8}.Debug|Any CPU.Build.0 = Debug|Any CPU
		{8523BC0B-BD72-4298-AB08-F80DA302DBA8}.Release|Any CPU.ActiveCfg = Release|Any CPU
		{8523BC0B-BD72-4298-AB08-F80DA302DBA8}.Release|Any CPU.Build.0 = Release|Any CPU
		{9FD72618-744F-4F4B-9D29-E4D9C39CA839}.Debug|Any CPU.ActiveCfg = Debug|Any CPU
		{9FD72618-744F-4F4B-9D29-E4D9C39CA839}.Debug|Any CPU.Build.0 = Debug|Any CPU
		{9FD72618-744F-4F4B-9D29-E4D9C39CA839}.Release|Any CPU.ActiveCfg = Release|Any CPU
		{9FD72618-744F-4F4B-9D29-E4D9C39CA839}.Release|Any CPU.Build.0 = Release|Any CPU
	EndGlobalSection
	GlobalSection(SolutionProperties) = preSolution
		HideSolutionNode = FALSE
	EndGlobalSection
	GlobalSection(ExtensibilityGlobals) = postSolution
		SolutionGuid = {12A2AE62-E301-401A-A19B-6C2EB433B37A}
	EndGlobalSection
EndGlobal
